
Microsoft Visual Studio Solution File, Format Version 12.00
# Visual Studio Version 16
VisualStudioVersion = 16.0.30523.141
MinimumVisualStudioVersion = 10.0.40219.1
Project("{FAE04EC0-301F-11D3-BF4B-00C04F79EFBC}") = "ConsoleApp1", "ConsoleApp1\ConsoleApp1.csproj", "{810DA202-4253-402C-B7F5-628AA5F29F95}"
EndProject
Global
	GlobalSection(SolutionConfigurationPlatforms) = preSolution
		Debug|Any CPU = Debug|Any CPU
		Release|Any CPU = Release|Any CPU
	EndGlobalSection
	GlobalSection(ProjectConfigurationPlatforms) = postSolution
		{810DA202-4253-402C-B7F5-628AA5F29F95}.Debug|Any CPU.ActiveCfg = Debug|Any CPU
		{810DA202-4253-402C-B7F5-628AA5F29F95}.Debug|Any CPU.Build.0 = Debug|Any CPU
		{810DA202-4253-402C-B7F5-628AA5F29F95}.Release|Any CPU.ActiveCfg = Release|Any CPU
		{810DA202-4253-402C-B7F5-628AA5F29F95}.Release|Any CPU.Build.0 = Release|Any CPU
	EndGlobalSection
	GlobalSection(SolutionProperties) = preSolution
		HideSolutionNode = FALSE
	EndGlobalSection
	GlobalSection(ExtensibilityGlobals) = postSolution
		SolutionGuid = {21FBEEF5-E090-4781-B29F-75AB964DF8F1}
	EndGlobalSection
EndGlobal
